
Microsoft Visual Studio Solution File, Format Version 12.00
# Visual Studio Version 17
VisualStudioVersion = 17.7.34031.279
MinimumVisualStudioVersion = 10.0.40219.1
Project("{8BC9CEB8-8B4A-11D0-8D11-00A0C91BC942}") = "problem_38", "problem_38.vcxproj", "{32AF0CA4-90DD-415F-A3FF-D4A91077E6DC}"
EndProject
Global
	GlobalSection(SolutionConfigurationPlatforms) = preSolution
		Debug|x64 = Debug|x64
		Debug|x86 = Debug|x86
		Release|x64 = Release|x64
		Release|x86 = Release|x86
	EndGlobalSection
	GlobalSection(ProjectConfigurationPlatforms) = postSolution
		{32AF0CA4-90DD-415F-A3FF-D4A91077E6DC}.Debug|x64.ActiveCfg = Debug|x64
		{32AF0CA4-90DD-415F-A3FF-D4A91077E6DC}.Debug|x64.Build.0 = Debug|x64
		{32AF0CA4-90DD-415F-A3FF-D4A91077E6DC}.Debug|x86.ActiveCfg = Debug|Win32
		{32AF0CA4-90DD-415F-A3FF-D4A91077E6DC}.Debug|x86.Build.0 = Debug|Win32
		{32AF0CA4-90DD-415F-A3FF-D4A91077E6DC}.Release|x64.ActiveCfg = Release|x64
		{32AF0CA4-90DD-415F-A3FF-D4A91077E6DC}.Release|x64.Build.0 = Release|x64
		{32AF0CA4-90DD-415F-A3FF-D4A91077E6DC}.Release|x86.ActiveCfg = Release|Win32
		{32AF0CA4-90DD-415F-A3FF-D4A91077E6DC}.Release|x86.Build.0 = Release|Win32
	EndGlobalSection
	GlobalSection(SolutionProperties) = preSolution
		HideSolutionNode = FALSE
	EndGlobalSection
	GlobalSection(ExtensibilityGlobals) = postSolution
		SolutionGuid = {805C6608-388A-4064-998D-4607FB792B3C}
	EndGlobalSection
EndGlobal
